
Microsoft Visual Studio Solution File, Format Version 12.00
# Visual Studio Version 16
VisualStudioVersion = 16.0.32228.343
MinimumVisualStudioVersion = 10.0.40219.1
Project("{FAE04EC0-301F-11D3-BF4B-00C04F79EFBC}") = "VirtualBookshelf.Android", "VirtualBookshelf\VirtualBookshelf.Android\VirtualBookshelf.Android.csproj", "{82C1589E-1FB5-4612-A7A4-7BD0B1C50170}"
EndProject
Project("{FAE04EC0-301F-11D3-BF4B-00C04F79EFBC}") = "VirtualBookshelf.iOS", "VirtualBookshelf\VirtualBookshelf.iOS\VirtualBookshelf.iOS.csproj", "{3D288170-9AED-4E92-A616-5E67001574FB}"
EndProject
Project("{FAE04EC0-301F-11D3-BF4B-00C04F79EFBC}") = "VirtualBookshelf", "VirtualBookshelf\VirtualBookshelf\VirtualBookshelf.csproj", "{B5FDAE88-2F1A-479C-80B1-DE15E2E3900A}"
EndProject
Global
	GlobalSection(SolutionConfigurationPlatforms) = preSolution
		Debug|Any CPU = Debug|Any CPU
		Debug|iPhone = Debug|iPhone
		Debug|iPhoneSimulator = Debug|iPhoneSimulator
		Release|Any CPU = Release|Any CPU
		Release|iPhone = Release|iPhone
		Release|iPhoneSimulator = Release|iPhoneSimulator
	EndGlobalSection
	GlobalSection(ProjectConfigurationPlatforms) = postSolution
		{82C1589E-1FB5-4612-A7A4-7BD0B1C50170}.Debug|Any CPU.ActiveCfg = Debug|Any CPU
		{82C1589E-1FB5-4612-A7A4-7BD0B1C50170}.Debug|Any CPU.Build.0 = Debug|Any CPU
		{82C1589E-1FB5-4612-A7A4-7BD0B1C50170}.Debug|Any CPU.Deploy.0 = Debug|Any CPU
		{82C1589E-1FB5-4612-A7A4-7BD0B1C50170}.Debug|iPhone.ActiveCfg = Debug|Any CPU
		{82C1589E-1FB5-4612-A7A4-7BD0B1C50170}.Debug|iPhone.Build.0 = Debug|Any CPU
		{82C1589E-1FB5-4612-A7A4-7BD0B1C50170}.Debug|iPhone.Deploy.0 = Debug|Any CPU
		{82C1589E-1FB5-4612-A7A4-7BD0B1C50170}.Debug|iPhoneSimulator.ActiveCfg = Debug|Any CPU
		{82C1589E-1FB5-4612-A7A4-7BD0B1C50170}.Debug|iPhoneSimulator.Build.0 = Debug|Any CPU
		{82C1589E-1FB5-4612-A7A4-7BD0B1C50170}.Debug|iPhoneSimulator.Deploy.0 = Debug|Any CPU
		{82C1589E-1FB5-4612-A7A4-7BD0B1C50170}.Release|Any CPU.ActiveCfg = Release|Any CPU
		{82C1589E-1FB5-4612-A7A4-7BD0B1C50170}.Release|Any CPU.Build.0 = Release|Any CPU
		{82C1589E-1FB5-4612-A7A4-7BD0B1C50170}.Release|Any CPU.Deploy.0 = Release|Any CPU
		{82C1589E-1FB5-4612-A7A4-7BD0B1C50170}.Release|iPhone.ActiveCfg = Release|Any CPU
		{82C1589E-1FB5-4612-A7A4-7BD0B1C50170}.Release|iPhone.Build.0 = Release|Any CPU
		{82C1589E-1FB5-4612-A7A4-7BD0B1C50170}.Release|iPhone.Deploy.0 = Release|Any CPU
		{82C1589E-1FB5-4612-A7A4-7BD0B1C50170}.Release|iPhoneSimulator.ActiveCfg = Release|Any CPU
		{82C1589E-1FB5-4612-A7A4-7BD0B1C50170}.Release|iPhoneSimulator.Build.0 = Release|Any CPU
		{82C1589E-1FB5-4612-A7A4-7BD0B1C50170}.Release|iPhoneSimulator.Deploy.0 = Release|Any CPU
		{3D288170-9AED-4E92-A616-5E67001574FB}.Debug|Any CPU.ActiveCfg = Debug|iPhone
		{3D288170-9AED-4E92-A616-5E67001574FB}.Debug|Any CPU.Build.0 = Debug|iPhone
		{3D288170-9AED-4E92-A616-5E67001574FB}.Debug|Any CPU.Deploy.0 = Debug|iPhone
		{3D288170-9AED-4E92-A616-5E67001574FB}.Debug|iPhone.ActiveCfg = Debug|iPhone
		{3D288170-9AED-4E92-A616-5E67001574FB}.Debug|iPhone.Build.0 = Debug|iPhone
		{3D288170-9AED-4E92-A616-5E67001574FB}.Debug|iPhone.Deploy.0 = Debug|iPhone
		{3D288170-9AED-4E92-A616-5E67001574FB}.Debug|iPhoneSimulator.ActiveCfg = Debug|iPhoneSimulator
		{3D288170-9AED-4E92-A616-5E67001574FB}.Debug|iPhoneSimulator.Build.0 = Debug|iPhoneSimulator
		{3D288170-9AED-4E92-A616-5E67001574FB}.Debug|iPhoneSimulator.Deploy.0 = Debug|iPhoneSimulator
		{3D288170-9AED-4E92-A616-5E67001574FB}.Release|Any CPU.ActiveCfg = Release|iPhoneSimulator
		{3D288170-9AED-4E92-A616-5E67001574FB}.Release|Any CPU.Build.0 = Release|iPhoneSimulator
		{3D288170-9AED-4E92-A616-5E67001574FB}.Release|Any CPU.Deploy.0 = Release|iPhoneSimulator
		{3D288170-9AED-4E92-A616-5E67001574FB}.Release|iPhone.ActiveCfg = Release|iPhone
		{3D288170-9AED-4E92-A616-5E67001574FB}.Release|iPhone.Build.0 = Release|iPhone
		{3D288170-9AED-4E92-A616-5E67001574FB}.Release|iPhone.Deploy.0 = Release|iPhone
		{3D288170-9AED-4E92-A616-5E67001574FB}.Release|iPhoneSimulator.ActiveCfg = Release|iPhoneSimulator
		{3D288170-9AED-4E92-A616-5E67001574FB}.Release|iPhoneSimulator.Build.0 = Release|iPhoneSimulator
		{3D288170-9AED-4E92-A616-5E67001574FB}.Release|iPhoneSimulator.Deploy.0 = Release|iPhoneSimulator
		{B5FDAE88-2F1A-479C-80B1-DE15E2E3900A}.Debug|Any CPU.ActiveCfg = Debug|Any CPU
		{B5FDAE88-2F1A-479C-80B1-DE15E2E3900A}.Debug|Any CPU.Build.0 = Debug|Any CPU
		{B5FDAE88-2F1A-479C-80B1-DE15E2E3900A}.Debug|Any CPU.Deploy.0 = Debug|Any CPU
		{B5FDAE88-2F1A-479C-80B1-DE15E2E3900A}.Debug|iPhone.ActiveCfg = Debug|Any CPU
		{B5FDAE88-2F1A-479C-80B1-DE15E2E3900A}.Debug|iPhone.Build.0 = Debug|Any CPU
		{B5FDAE88-2F1A-479C-80B1-DE15E2E3900A}.Debug|iPhone.Deploy.0 = Debug|Any CPU
		{B5FDAE88-2F1A-479C-80B1-DE15E2E3900A}.Debug|iPhoneSimulator.ActiveCfg = Debug|Any CPU
		{B5FDAE88-2F1A-479C-80B1-DE15E2E3900A}.Debug|iPhoneSimulator.Build.0 = Debug|Any CPU
		{B5FDAE88-2F1A-479C-80B1-DE15E2E3900A}.Debug|iPhoneSimulator.Deploy.0 = Debug|Any CPU
		{B5FDAE88-2F1A-479C-80B1-DE15E2E3900A}.Release|Any CPU.ActiveCfg = Release|Any CPU
		{B5FDAE88-2F1A-479C-80B1-DE15E2E3900A}.Release|Any CPU.Build.0 = Release|Any CPU
		{B5FDAE88-2F1A-479C-80B1-DE15E2E3900A}.Release|Any CPU.Deploy.0 = Release|Any CPU
		{B5FDAE88-2F1A-479C-80B1-DE15E2E3900A}.Release|iPhone.ActiveCfg = Release|Any CPU
		{B5FDAE88-2F1A-479C-80B1-DE15E2E3900A}.Release|iPhone.Build.0 = Release|Any CPU
		{B5FDAE88-2F1A-479C-80B1-DE15E2E3900A}.Release|iPhone.Deploy.0 = Release|Any CPU
		{B5FDAE88-2F1A-479C-80B1-DE15E2E3900A}.Release|iPhoneSimulator.ActiveCfg = Release|Any CPU
		{B5FDAE88-2F1A-479C-80B1-DE15E2E3900A}.Release|iPhoneSimulator.Build.0 = Release|Any CPU
		{B5FDAE88-2F1A-479C-80B1-DE15E2E3900A}.Release|iPhoneSimulator.Deploy.0 = Release|Any CPU
	EndGlobalSection
	GlobalSection(SolutionProperties) = preSolution
		HideSolutionNode = FALSE
	EndGlobalSection
	GlobalSection(ExtensibilityGlobals) = postSolution
		SolutionGuid = {892F6A47-7B19-4F66-94D3-48CED903B2DC}
	EndGlobalSection
EndGlobal
